
Microsoft Visual Studio Solution File, Format Version 12.00
# Visual Studio Version 17
VisualStudioVersion = 17.12.35527.113
MinimumVisualStudioVersion = 10.0.40219.1
Project("{FAE04EC0-301F-11D3-BF4B-00C04F79EFBC}") = "Embergarden", "Embergarden\Embergarden.csproj", "{724D54C8-03A1-4BE3-AABB-0F7B5170BE49}"
EndProject
Project("{FAE04EC0-301F-11D3-BF4B-00C04F79EFBC}") = "EmbergardenCE", "EmbergardenCE\EmbergardenCE.csproj", "{C47413C3-A576-41C0-A30E-8DB98C8B9406}"
EndProject
Global
	GlobalSection(SolutionConfigurationPlatforms) = preSolution
		Debug|Any CPU = Debug|Any CPU
		Release|Any CPU = Release|Any CPU
	EndGlobalSection
	GlobalSection(ProjectConfigurationPlatforms) = postSolution
		{724D54C8-03A1-4BE3-AABB-0F7B5170BE49}.Debug|Any CPU.ActiveCfg = Debug|Any CPU
		{724D54C8-03A1-4BE3-AABB-0F7B5170BE49}.Debug|Any CPU.Build.0 = Debug|Any CPU
		{724D54C8-03A1-4BE3-AABB-0F7B5170BE49}.Release|Any CPU.ActiveCfg = Release|Any CPU
		{724D54C8-03A1-4BE3-AABB-0F7B5170BE49}.Release|Any CPU.Build.0 = Release|Any CPU
		{C47413C3-A576-41C0-A30E-8DB98C8B9406}.Debug|Any CPU.ActiveCfg = Debug|Any CPU
		{C47413C3-A576-41C0-A30E-8DB98C8B9406}.Debug|Any CPU.Build.0 = Debug|Any CPU
		{C47413C3-A576-41C0-A30E-8DB98C8B9406}.Release|Any CPU.ActiveCfg = Release|Any CPU
		{C47413C3-A576-41C0-A30E-8DB98C8B9406}.Release|Any CPU.Build.0 = Release|Any CPU
	EndGlobalSection
	GlobalSection(SolutionProperties) = preSolution
		HideSolutionNode = FALSE
	EndGlobalSection
	GlobalSection(ExtensibilityGlobals) = postSolution
		SolutionGuid = {6C816FB6-C0AA-498E-8679-6B0DEDB2AE55}
	EndGlobalSection
EndGlobal
